
Microsoft Visual Studio Solution File, Format Version 12.00
# Visual Studio 15
VisualStudioVersion = 15.0.28010.2036
MinimumVisualStudioVersion = 10.0.40219.1
Project("{FAE04EC0-301F-11D3-BF4B-00C04F79EFBC}") = "test001", "test001\test001.csproj", "{04DB35F3-6D03-4016-8C25-9FE3275B40D3}"
EndProject
Global
	GlobalSection(SolutionConfigurationPlatforms) = preSolution
		Debug|Any CPU = Debug|Any CPU
		Release|Any CPU = Release|Any CPU
	EndGlobalSection
	GlobalSection(ProjectConfigurationPlatforms) = postSolution
		{04DB35F3-6D03-4016-8C25-9FE3275B40D3}.Debug|Any CPU.ActiveCfg = Debug|Any CPU
		{04DB35F3-6D03-4016-8C25-9FE3275B40D3}.Debug|Any CPU.Build.0 = Debug|Any CPU
		{04DB35F3-6D03-4016-8C25-9FE3275B40D3}.Release|Any CPU.ActiveCfg = Release|Any CPU
		{04DB35F3-6D03-4016-8C25-9FE3275B40D3}.Release|Any CPU.Build.0 = Release|Any CPU
	EndGlobalSection
	GlobalSection(SolutionProperties) = preSolution
		HideSolutionNode = FALSE
	EndGlobalSection
	GlobalSection(ExtensibilityGlobals) = postSolution
		SolutionGuid = {1051063B-42B9-4D30-9150-7C0EB6881D4C}
	EndGlobalSection
EndGlobal
